github.com/go-sql-driver/mysql v1.5.0 h1:ozyZYNQW3x3HtqT1jira07DN2PArx2v7/mN66gGcHOs=
github.com/go-sql-driver/mysql v1.5.0/go.mod h1:DCzpHaOWr8IXmIStZouvnhqoel9Qv2LBy8hT2VhHyBg=
github.com/nandosousafr/podfeed v0.0.0-20190404135022-b0fe4a5be2b5 h1:yVbTLE3Qd6KZGcxkB4g3gDf/vKEKjNIoaKnMIEb9vVw=
github.com/nandosousafr/podfeed v0.0.0-20190404135022-b0fe4a5be2b5/go.mod h1:ScbgdAUdFziTcEjepPXKmt+S+I08iEZP1Kn7V2TNWWY=
github.com/xfrr/goffmpeg v0.0.0-20191120110122-53b0a69281d4 h1:iuT6IHMZMFQ8vZ67/a+v2kZ94PdK3o612FILXtnYBao=
github.com/xfrr/goffmpeg v0.0.0-20191120110122-53b0a69281d4/go.mod h1:mL+qPvJWwu9An5a66+HyEJ7X7iEUSI09zX/Xl67XRXs=
